
Microsoft Visual Studio Solution File, Format Version 12.00
# Visual Studio Version 17
VisualStudioVersion = 17.6.33815.320
MinimumVisualStudioVersion = 10.0.40219.1
Project("{2150E333-8FDC-42A3-9474-1A3956D46DE8}") = "[3] API", "[3] API", "{0A43888D-A5E3-4C4E-A97E-461918D93476}"
EndProject
Project("{FAE04EC0-301F-11D3-BF4B-00C04F79EFBC}") = "demoToken.API", "demoToken.API\demoToken.API.csproj", "{C4EE5EF5-F034-4A32-8DB8-6FF3A7398885}"
EndProject
Project("{2150E333-8FDC-42A3-9474-1A3956D46DE8}") = "[2] BLL", "[2] BLL", "{6E467A76-6153-41B6-8A18-0983D29B1226}"
EndProject
Project("{2150E333-8FDC-42A3-9474-1A3956D46DE8}") = "[1] DAL", "[1] DAL", "{E187A10B-7EF9-4418-9D05-26A3BC57D5B6}"
EndProject
Project("{2150E333-8FDC-42A3-9474-1A3956D46DE8}") = "[0] DATABASE", "[0] DATABASE", "{ED5D63CD-50F7-47AB-8BB2-492A01DC4B3D}"
EndProject
Project("{2150E333-8FDC-42A3-9474-1A3956D46DE8}") = "[99] Tools", "[99] Tools", "{7BB67083-D494-48C9-B0BF-F2E620B25A57}"
EndProject
Project("{00D1A9C2-B5F0-4AF3-8072-F6C62B433612}") = "DbTest", "DbTest\DbTest.sqlproj", "{EEEA91BF-D415-4546-8FE6-8F176EAE3BA8}"
EndProject
Project("{9A19103F-16F7-4668-BE54-9A1E7A4F7556}") = "demoToken.DAL", "demoToken.DAL\demoToken.DAL.csproj", "{8E851B8F-3092-4130-A007-31425B7DE398}"
EndProject
Project("{9A19103F-16F7-4668-BE54-9A1E7A4F7556}") = "DemoToken.BLL", "DemoToken.BLL\DemoToken.BLL.csproj", "{06AB5A6B-6134-45A4-B243-784C2462E9C0}"
EndProject
Project("{9A19103F-16F7-4668-BE54-9A1E7A4F7556}") = "Tools", "Tools\Tools.csproj", "{48F2B257-B3D4-400D-A855-8B5367D15D34}"
EndProject
Global
	GlobalSection(SolutionConfigurationPlatforms) = preSolution
		Debug|Any CPU = Debug|Any CPU
		Release|Any CPU = Release|Any CPU
	EndGlobalSection
	GlobalSection(ProjectConfigurationPlatforms) = postSolution
		{C4EE5EF5-F034-4A32-8DB8-6FF3A7398885}.Debug|Any CPU.ActiveCfg = Debug|Any CPU
		{C4EE5EF5-F034-4A32-8DB8-6FF3A7398885}.Debug|Any CPU.Build.0 = Debug|Any CPU
		{C4EE5EF5-F034-4A32-8DB8-6FF3A7398885}.Release|Any CPU.ActiveCfg = Release|Any CPU
		{C4EE5EF5-F034-4A32-8DB8-6FF3A7398885}.Release|Any CPU.Build.0 = Release|Any CPU
		{EEEA91BF-D415-4546-8FE6-8F176EAE3BA8}.Debug|Any CPU.ActiveCfg = Debug|Any CPU
		{EEEA91BF-D415-4546-8FE6-8F176EAE3BA8}.Debug|Any CPU.Build.0 = Debug|Any CPU
		{EEEA91BF-D415-4546-8FE6-8F176EAE3BA8}.Debug|Any CPU.Deploy.0 = Debug|Any CPU
		{EEEA91BF-D415-4546-8FE6-8F176EAE3BA8}.Release|Any CPU.ActiveCfg = Release|Any CPU
		{EEEA91BF-D415-4546-8FE6-8F176EAE3BA8}.Release|Any CPU.Build.0 = Release|Any CPU
		{EEEA91BF-D415-4546-8FE6-8F176EAE3BA8}.Release|Any CPU.Deploy.0 = Release|Any CPU
		{8E851B8F-3092-4130-A007-31425B7DE398}.Debug|Any CPU.ActiveCfg = Debug|Any CPU
		{8E851B8F-3092-4130-A007-31425B7DE398}.Debug|Any CPU.Build.0 = Debug|Any CPU
		{8E851B8F-3092-4130-A007-31425B7DE398}.Release|Any CPU.ActiveCfg = Release|Any CPU
		{8E851B8F-3092-4130-A007-31425B7DE398}.Release|Any CPU.Build.0 = Release|Any CPU
		{06AB5A6B-6134-45A4-B243-784C2462E9C0}.Debug|Any CPU.ActiveCfg = Debug|Any CPU
		{06AB5A6B-6134-45A4-B243-784C2462E9C0}.Debug|Any CPU.Build.0 = Debug|Any CPU
		{06AB5A6B-6134-45A4-B243-784C2462E9C0}.Release|Any CPU.ActiveCfg = Release|Any CPU
		{06AB5A6B-6134-45A4-B243-784C2462E9C0}.Release|Any CPU.Build.0 = Release|Any CPU
		{48F2B257-B3D4-400D-A855-8B5367D15D34}.Debug|Any CPU.ActiveCfg = Debug|Any CPU
		{48F2B257-B3D4-400D-A855-8B5367D15D34}.Debug|Any CPU.Build.0 = Debug|Any CPU
		{48F2B257-B3D4-400D-A855-8B5367D15D34}.Release|Any CPU.ActiveCfg = Release|Any CPU
		{48F2B257-B3D4-400D-A855-8B5367D15D34}.Release|Any CPU.Build.0 = Release|Any CPU
	EndGlobalSection
	GlobalSection(SolutionProperties) = preSolution
		HideSolutionNode = FALSE
	EndGlobalSection
	GlobalSection(NestedProjects) = preSolution
		{C4EE5EF5-F034-4A32-8DB8-6FF3A7398885} = {0A43888D-A5E3-4C4E-A97E-461918D93476}
		{EEEA91BF-D415-4546-8FE6-8F176EAE3BA8} = {ED5D63CD-50F7-47AB-8BB2-492A01DC4B3D}
		{8E851B8F-3092-4130-A007-31425B7DE398} = {E187A10B-7EF9-4418-9D05-26A3BC57D5B6}
		{06AB5A6B-6134-45A4-B243-784C2462E9C0} = {6E467A76-6153-41B6-8A18-0983D29B1226}
		{48F2B257-B3D4-400D-A855-8B5367D15D34} = {7BB67083-D494-48C9-B0BF-F2E620B25A57}
	EndGlobalSection
	GlobalSection(ExtensibilityGlobals) = postSolution
		SolutionGuid = {09FE0134-DCCC-4911-B6BC-9AFC8EF8A20E}
	EndGlobalSection
EndGlobal
